
Microsoft Visual Studio Solution File, Format Version 12.00
# Visual Studio Version 17
VisualStudioVersion = 17.7.34202.233
MinimumVisualStudioVersion = 10.0.40219.1
Project("{FAE04EC0-301F-11D3-BF4B-00C04F79EFBC}") = "Frequency-Based Decryption", "Frequency-Based Decryption\Frequency-Based Decryption.csproj", "{732BDB7E-2E1D-43F5-B2D7-1EA1106347C8}"
EndProject
Global
	GlobalSection(SolutionConfigurationPlatforms) = preSolution
		Debug|Any CPU = Debug|Any CPU
		Release|Any CPU = Release|Any CPU
	EndGlobalSection
	GlobalSection(ProjectConfigurationPlatforms) = postSolution
		{732BDB7E-2E1D-43F5-B2D7-1EA1106347C8}.Debug|Any CPU.ActiveCfg = Debug|Any CPU
		{732BDB7E-2E1D-43F5-B2D7-1EA1106347C8}.Debug|Any CPU.Build.0 = Debug|Any CPU
		{732BDB7E-2E1D-43F5-B2D7-1EA1106347C8}.Release|Any CPU.ActiveCfg = Release|Any CPU
		{732BDB7E-2E1D-43F5-B2D7-1EA1106347C8}.Release|Any CPU.Build.0 = Release|Any CPU
	EndGlobalSection
	GlobalSection(SolutionProperties) = preSolution
		HideSolutionNode = FALSE
	EndGlobalSection
	GlobalSection(ExtensibilityGlobals) = postSolution
		SolutionGuid = {B01A3EB6-DB19-48B7-A628-34C572358109}
	EndGlobalSection
EndGlobal
